
Microsoft Visual Studio Solution File, Format Version 12.00
# Visual Studio Version 16
VisualStudioVersion = 16.0.29613.14
MinimumVisualStudioVersion = 10.0.40219.1
Project("{FAE04EC0-301F-11D3-BF4B-00C04F79EFBC}") = "InovaVagasWebApi", "InovaVagasWebApi\InovaVagasWebApi.csproj", "{7D10663D-41B9-454A-B757-354B8EE0080E}"
EndProject
Global
	GlobalSection(SolutionConfigurationPlatforms) = preSolution
		Debug|Any CPU = Debug|Any CPU
		Release|Any CPU = Release|Any CPU
	EndGlobalSection
	GlobalSection(ProjectConfigurationPlatforms) = postSolution
		{7D10663D-41B9-454A-B757-354B8EE0080E}.Debug|Any CPU.ActiveCfg = Debug|Any CPU
		{7D10663D-41B9-454A-B757-354B8EE0080E}.Debug|Any CPU.Build.0 = Debug|Any CPU
		{7D10663D-41B9-454A-B757-354B8EE0080E}.Release|Any CPU.ActiveCfg = Release|Any CPU
		{7D10663D-41B9-454A-B757-354B8EE0080E}.Release|Any CPU.Build.0 = Release|Any CPU
	EndGlobalSection
	GlobalSection(SolutionProperties) = preSolution
		HideSolutionNode = FALSE
	EndGlobalSection
	GlobalSection(ExtensibilityGlobals) = postSolution
		SolutionGuid = {044231FD-5687-4564-90E0-F31AEFFF9C4E}
	EndGlobalSection
EndGlobal
